// !$*UTF8*$!
{
	archiveVersion = 1;
	classes = {
	};
	objectVersion = 56;
	objects = {

/* Begin PBXBuildFile section */
		EA62D893296EF95700D34850 /* AppDelegate.swift in Sources */ = {isa = PBXBuildFile; fileRef = EA62D892296EF95700D34850 /* AppDelegate.swift */; };
		EA62D895296EF95700D34850 /* SceneDelegate.swift in Sources */ = {isa = PBXBuildFile; fileRef = EA62D894296EF95700D34850 /* SceneDelegate.swift */; };
		EA62D89A296EF95700D34850 /* Main.storyboard in Resources */ = {isa = PBXBuildFile; fileRef = EA62D898296EF95700D34850 /* Main.storyboard */; };
		EA62D89C296EF95800D34850 /* Assets.xcassets in Resources */ = {isa = PBXBuildFile; fileRef = EA62D89B296EF95800D34850 /* Assets.xcassets */; };
		EA62D89F296EF95800D34850 /* LaunchScreen.storyboard in Resources */ = {isa = PBXBuildFile; fileRef = EA62D89D296EF95800D34850 /* LaunchScreen.storyboard */; };
		EA62D8A7296EF9B300D34850 /* GoogleService-Info.plist in Resources */ = {isa = PBXBuildFile; fileRef = EA62D8A6296EF9B300D34850 /* GoogleService-Info.plist */; };
		EA62D8AF2970158B00D34850 /* ViewController.swift in Sources */ = {isa = PBXBuildFile; fileRef = EA62D8AE2970158B00D34850 /* ViewController.swift */; };
		EA62D8B12971411A00D34850 /* BenimSayfam.swift in Sources */ = {isa = PBXBuildFile; fileRef = EA62D8B02971411A00D34850 /* BenimSayfam.swift */; };
		EA74DA40297F0CD400923295 /* ProgramlarimViewController.swift in Sources */ = {isa = PBXBuildFile; fileRef = EA74DA3F297F0CD400923295 /* ProgramlarimViewController.swift */; };
/* End PBXBuildFile section */

/* Begin PBXFileReference section */
		EA62D88F296EF95700D34850 /* juicetraining.app */ = {isa = PBXFileReference; explicitFileType = wrapper.application; includeInIndex = 0; path = juicetraining.app; sourceTree = BUILT_PRODUCTS_DIR; };
		EA62D892296EF95700D34850 /* AppDelegate.swift */ = {isa = PBXFileReference; lastKnownFileType = sourcecode.swift; path = AppDelegate.swift; sourceTree = "<group>"; };
		EA62D894296EF95700D34850 /* SceneDelegate.swift */ = {isa = PBXFileReference; lastKnownFileType = sourcecode.swift; path = SceneDelegate.swift; sourceTree = "<group>"; };
		EA62D899296EF95700D34850 /* Base */ = {isa = PBXFileReference; lastKnownFileType = file.storyboard; name = Base; path = Base.lproj/Main.storyboard; sourceTree = "<group>"; };
		EA62D89B296EF95800D34850 /* Assets.xcassets */ = {isa = PBXFileReference; lastKnownFileType = folder.assetcatalog; path = Assets.xcassets; sourceTree = "<group>"; };
		EA62D89E296EF95800D34850 /* Base */ = {isa = PBXFileReference; lastKnownFileType = file.storyboard; name = Base; path = Base.lproj/LaunchScreen.storyboard; sourceTree = "<group>"; };
		EA62D8A0296EF95800D34850 /* Info.plist */ = {isa = PBXFileReference; lastKnownFileType = text.plist.xml; path = Info.plist; sourceTree = "<group>"; };
		EA62D8A6296EF9B300D34850 /* GoogleService-Info.plist */ = {isa = PBXFileReference; fileEncoding = 4; lastKnownFileType = text.plist.xml; path = "GoogleService-Info.plist"; sourceTree = "<group>"; };
		EA62D8AE2970158B00D34850 /* ViewController.swift */ = {isa = PBXFileReference; lastKnownFileType = sourcecode.swift; path = ViewController.swift; sourceTree = "<group>"; };
		EA62D8B02971411A00D34850 /* BenimSayfam.swift */ = {isa = PBXFileReference; lastKnownFileType = sourcecode.swift; path = BenimSayfam.swift; sourceTree = "<group>"; };
		EA74DA3F297F0CD400923295 /* ProgramlarimViewController.swift */ = {isa = PBXFileReference; lastKnownFileType = sourcecode.swift; path = ProgramlarimViewController.swift; sourceTree = "<group>"; };
/* End PBXFileReference section */

/* Begin PBXFrameworksBuildPhase section */
		EA62D88C296EF95700D34850 /* Frameworks */ = {
			isa = PBXFrameworksBuildPhase;
			buildActionMask = 2147483647;
			files = (
			);
			runOnlyForDeploymentPostprocessing = 0;
		};
/* End PBXFrameworksBuildPhase section */

/* Begin PBXGroup section */
		EA62D886296EF95700D34850 = {
			isa = PBXGroup;
			children = (
				EA62D891296EF95700D34850 /* juicetraining */,
				EA62D890296EF95700D34850 /* Products */,
			);
			sourceTree = "<group>";
		};
		EA62D890296EF95700D34850 /* Products */ = {
			isa = PBXGroup;
			children = (
				EA62D88F296EF95700D34850 /* juicetraining.app */,
			);
			name = Products;
			sourceTree = "<group>";
		};
		EA62D891296EF95700D34850 /* juicetraining */ = {
			isa = PBXGroup;
			children = (
				EA62D892296EF95700D34850 /* AppDelegate.swift */,
				EA62D894296EF95700D34850 /* SceneDelegate.swift */,
				EA62D898296EF95700D34850 /* Main.storyboard */,
				EA74DA36297E92C900923295 /* AnaSayfaFolder */,
				EA74DA35297E92B000923295 /* BenimSayfamFolder */,
				EA74DA38297E930100923295 /* ProgramlarımFolder */,
				EA74DA39297E931B00923295 /* DegisimTakibiFolder */,
				EA74DA3A297E933E00923295 /* AgirlikTakibiFolder */,
				EA74DA3C297E936D00923295 /* KisiselBilgilerFolder */,
				EA74DA3B297E935D00923295 /* NotlarimFolder */,
				EA62D89B296EF95800D34850 /* Assets.xcassets */,
				EA62D89D296EF95800D34850 /* LaunchScreen.storyboard */,
				EA62D8A0296EF95800D34850 /* Info.plist */,
				EA62D8A6296EF9B300D34850 /* GoogleService-Info.plist */,
			);
			path = juicetraining;
			sourceTree = "<group>";
		};
		EA74DA35297E92B000923295 /* BenimSayfamFolder */ = {
			isa = PBXGroup;
			children = (
				EA62D8B02971411A00D34850 /* BenimSayfam.swift */,
			);
			path = BenimSayfamFolder;
			sourceTree = "<group>";
		};
		EA74DA36297E92C900923295 /* AnaSayfaFolder */ = {
			isa = PBXGroup;
			children = (
				EA62D8AE2970158B00D34850 /* ViewController.swift */,
			);
			path = AnaSayfaFolder;
			sourceTree = "<group>";
		};
		EA74DA38297E930100923295 /* ProgramlarımFolder */ = {
			isa = PBXGroup;
			children = (
				EA74DA3F297F0CD400923295 /* ProgramlarimViewController.swift */,
			);
			path = "ProgramlarımFolder";
			sourceTree = "<group>";
		};
		EA74DA39297E931B00923295 /* DegisimTakibiFolder */ = {
			isa = PBXGroup;
			children = (
			);
			path = DegisimTakibiFolder;
			sourceTree = "<group>";
		};
		EA74DA3A297E933E00923295 /* AgirlikTakibiFolder */ = {
			isa = PBXGroup;
			children = (
			);
			path = AgirlikTakibiFolder;
			sourceTree = "<group>";
		};
		EA74DA3B297E935D00923295 /* NotlarimFolder */ = {
			isa = PBXGroup;
			children = (
			);
			path = NotlarimFolder;
			sourceTree = "<group>";
		};
		EA74DA3C297E936D00923295 /* KisiselBilgilerFolder */ = {
			isa = PBXGroup;
			children = (
			);
			path = KisiselBilgilerFolder;
			sourceTree = "<group>";
		};
/* End PBXGroup section */

/* Begin PBXNativeTarget section */
		EA62D88E296EF95700D34850 /* juicetraining */ = {
			isa = PBXNativeTarget;
			buildConfigurationList = EA62D8A3296EF95800D34850 /* Build configuration list for PBXNativeTarget "juicetraining" */;
			buildPhases = (
				EA62D88B296EF95700D34850 /* Sources */,
				EA62D88C296EF95700D34850 /* Frameworks */,
				EA62D88D296EF95700D34850 /* Resources */,
			);
			buildRules = (
			);
			dependencies = (
			);
			name = juicetraining;
			productName = juicetraining;
			productReference = EA62D88F296EF95700D34850 /* juicetraining.app */;
			productType = "com.apple.product-type.application";
		};
/* End PBXNativeTarget section */

/* Begin PBXProject section */
		EA62D887296EF95700D34850 /* Project object */ = {
			isa = PBXProject;
			attributes = {
				BuildIndependentTargetsInParallel = 1;
				LastSwiftUpdateCheck = 1400;
				LastUpgradeCheck = 1400;
				TargetAttributes = {
					EA62D88E296EF95700D34850 = {
						CreatedOnToolsVersion = 14.0.1;
					};
				};
			};
			buildConfigurationList = EA62D88A296EF95700D34850 /* Build configuration list for PBXProject "juicetraining" */;
			compatibilityVersion = "Xcode 14.0";
			developmentRegion = en;
			hasScannedForEncodings = 0;
			knownRegions = (
				en,
				Base,
			);
			mainGroup = EA62D886296EF95700D34850;
			productRefGroup = EA62D890296EF95700D34850 /* Products */;
			projectDirPath = "";
			projectRoot = "";
			targets = (
				EA62D88E296EF95700D34850 /* juicetraining */,
			);
		};
/* End PBXProject section */

/* Begin PBXResourcesBuildPhase section */
		EA62D88D296EF95700D34850 /* Resources */ = {
			isa = PBXResourcesBuildPhase;
			buildActionMask = 2147483647;
			files = (
				EA62D89F296EF95800D34850 /* LaunchScreen.storyboard in Resources */,
				EA62D8A7296EF9B300D34850 /* GoogleService-Info.plist in Resources */,
				EA62D89C296EF95800D34850 /* Assets.xcassets in Resources */,
				EA62D89A296EF95700D34850 /* Main.storyboard in Resources */,
			);
			runOnlyForDeploymentPostprocessing = 0;
		};
/* End PBXResourcesBuildPhase section */

/* Begin PBXSourcesBuildPhase section */
		EA62D88B296EF95700D34850 /* Sources */ = {
			isa = PBXSourcesBuildPhase;
			buildActionMask = 2147483647;
			files = (
				EA74DA40297F0CD400923295 /* ProgramlarimViewController.swift in Sources */,
				EA62D8B12971411A00D34850 /* BenimSayfam.swift in Sources */,
				EA62D8AF2970158B00D34850 /* ViewController.swift in Sources */,
				EA62D893296EF95700D34850 /* AppDelegate.swift in Sources */,
				EA62D895296EF95700D34850 /* SceneDelegate.swift in Sources */,
			);
			runOnlyForDeploymentPostprocessing = 0;
		};
/* End PBXSourcesBuildPhase section */

/* Begin PBXVariantGroup section */
		EA62D898296EF95700D34850 /* Main.storyboard */ = {
			isa = PBXVariantGroup;
			children = (
				EA62D899296EF95700D34850 /* Base */,
			);
			name = Main.storyboard;
			sourceTree = "<group>";
		};
		EA62D89D296EF95800D34850 /* LaunchScreen.storyboard */ = {
			isa = PBXVariantGroup;
			children = (
				EA62D89E296EF95800D34850 /* Base */,
			);
			name = LaunchScreen.storyboard;
			sourceTree = "<group>";
		};
/* End PBXVariantGroup section */

/* Begin XCBuildConfiguration section */
		EA62D8A1296EF95800D34850 /* Debug */ = {
			isa = XCBuildConfiguration;
			buildSettings = {
				ALWAYS_SEARCH_USER_PATHS = NO;
				CLANG_ANALYZER_NONNULL = YES;
				CLANG_ANALYZER_NUMBER_OBJECT_CONVERSION = YES_AGGRESSIVE;
				CLANG_CXX_LANGUAGE_STANDARD = "gnu++20";
				CLANG_ENABLE_MODULES = YES;
				CLANG_ENABLE_OBJC_ARC = YES;
				CLANG_ENABLE_OBJC_WEAK = YES;
				CLANG_WARN_BLOCK_CAPTURE_AUTORELEASING = YES;
				CLANG_WARN_BOOL_CONVERSION = YES;
				CLANG_WARN_COMMA = YES;
				CLANG_WARN_CONSTANT_CONVERSION = YES;
				CLANG_WARN_DEPRECATED_OBJC_IMPLEMENTATIONS = YES;
				CLANG_WARN_DIRECT_OBJC_ISA_USAGE = YES_ERROR;
				CLANG_WARN_DOCUMENTATION_COMMENTS = YES;
				CLANG_WARN_EMPTY_BODY = YES;
				CLANG_WARN_ENUM_CONVERSION = YES;
				CLANG_WARN_INFINITE_RECURSION = YES;
				CLANG_WARN_INT_CONVERSION = YES;
				CLANG_WARN_NON_LITERAL_NULL_CONVERSION = YES;
				CLANG_WARN_OBJC_IMPLICIT_RETAIN_SELF = YES;
				CLANG_WARN_OBJC_LITERAL_CONVERSION = YES;
				CLANG_WARN_OBJC_ROOT_CLASS = YES_ERROR;
				CLANG_WARN_QUOTED_INCLUDE_IN_FRAMEWORK_HEADER = YES;
				CLANG_WARN_RANGE_LOOP_ANALYSIS = YES;
				CLANG_WARN_STRICT_PROTOTYPES = YES;
				CLANG_WARN_SUSPICIOUS_MOVE = YES;
				CLANG_WARN_UNGUARDED_AVAILABILITY = YES_AGGRESSIVE;
				CLANG_WARN_UNREACHABLE_CODE = YES;
				CLANG_WARN__DUPLICATE_METHOD_MATCH = YES;
				COPY_PHASE_STRIP = NO;
				DEBUG_INFORMATION_FORMAT = dwarf;
				ENABLE_STRICT_OBJC_MSGSEND = YES;
				ENABLE_TESTABILITY = YES;
				GCC_C_LANGUAGE_STANDARD = gnu11;
				GCC_DYNAMIC_NO_PIC = NO;
				GCC_NO_COMMON_BLOCKS = YES;
				GCC_OPTIMIZATION_LEVEL = 0;
				GCC_PREPROCESSOR_DEFINITIONS = (
					"DEBUG=1",
					"$(inherited)",
				);
				GCC_WARN_64_TO_32_BIT_CONVERSION = YES;
				GCC_WARN_ABOUT_RETURN_TYPE = YES_ERROR;
				GCC_WARN_UNDECLARED_SELECTOR = YES;
				GCC_WARN_UNINITIALIZED_AUTOS = YES_AGGRESSIVE;
				GCC_WARN_UNUSED_FUNCTION = YES;
				GCC_WARN_UNUSED_VARIABLE = YES;
				IPHONEOS_DEPLOYMENT_TARGET = 16.0;
				MTL_ENABLE_DEBUG_INFO = INCLUDE_SOURCE;
				MTL_FAST_MATH = YES;
				ONLY_ACTIVE_ARCH = YES;
				SDKROOT = iphoneos;
				SWIFT_ACTIVE_COMPILATION_CONDITIONS = DEBUG;
				SWIFT_OPTIMIZATION_LEVEL = "-Onone";
			};
			name = Debug;
		};
		EA62D8A2296EF95800D34850 /* Release */ = {
			isa = XCBuildConfiguration;
			buildSettings = {
				ALWAYS_SEARCH_USER_PATHS = NO;
				CLANG_ANALYZER_NONNULL = YES;
				CLANG_ANALYZER_NUMBER_OBJECT_CONVERSION = YES_AGGRESSIVE;
				CLANG_CXX_LANGUAGE_STANDARD = "gnu++20";
				CLANG_ENABLE_MODULES = YES;
				CLANG_ENABLE_OBJC_ARC = YES;
				CLANG_ENABLE_OBJC_WEAK = YES;
				CLANG_WARN_BLOCK_CAPTURE_AUTORELEASING = YES;
				CLANG_WARN_BOOL_CONVERSION = YES;
				CLANG_WARN_COMMA = YES;
				CLANG_WARN_CONSTANT_CONVERSION = YES;
				CLANG_WARN_DEPRECATED_OBJC_IMPLEMENTATIONS = YES;
				CLANG_WARN_DIRECT_OBJC_ISA_USAGE = YES_ERROR;
				CLANG_WARN_DOCUMENTATION_COMMENTS = YES;
				CLANG_WARN_EMPTY_BODY = YES;
				CLANG_WARN_ENUM_CONVERSION = YES;
				CLANG_WARN_INFINITE_RECURSION = YES;
				CLANG_WARN_INT_CONVERSION = YES;
				CLANG_WARN_NON_LITERAL_NULL_CONVERSION = YES;
				CLANG_WARN_OBJC_IMPLICIT_RETAIN_SELF = YES;
				CLANG_WARN_OBJC_LITERAL_CONVERSION = YES;
				CLANG_WARN_OBJC_ROOT_CLASS = YES_ERROR;
				CLANG_WARN_QUOTED_INCLUDE_IN_FRAMEWORK_HEADER = YES;
				CLANG_WARN_RANGE_LOOP_ANALYSIS = YES;
				CLANG_WARN_STRICT_PROTOTYPES = YES;
				CLANG_WARN_SUSPICIOUS_MOVE = YES;
				CLANG_WARN_UNGUARDED_AVAILABILITY = YES_AGGRESSIVE;
				CLANG_WARN_UNREACHABLE_CODE = YES;
				CLANG_WARN__DUPLICATE_METHOD_MATCH = YES;
				COPY_PHASE_STRIP = NO;
				DEBUG_INFORMATION_FORMAT = "dwarf-with-dsym";
				ENABLE_NS_ASSERTIONS = NO;
				ENABLE_STRICT_OBJC_MSGSEND = YES;
				GCC_C_LANGUAGE_STANDARD = gnu11;
				GCC_NO_COMMON_BLOCKS = YES;
				GCC_WARN_64_TO_32_BIT_CONVERSION = YES;
				GCC_WARN_ABOUT_RETURN_TYPE = YES_ERROR;
				GCC_WARN_UNDECLARED_SELECTOR = YES;
				GCC_WARN_UNINITIALIZED_AUTOS = YES_AGGRESSIVE;
				GCC_WARN_UNUSED_FUNCTION = YES;
				GCC_WARN_UNUSED_VARIABLE = YES;
				IPHONEOS_DEPLOYMENT_TARGET = 16.0;
				MTL_ENABLE_DEBUG_INFO = NO;
				MTL_FAST_MATH = YES;
				SDKROOT = iphoneos;
				SWIFT_COMPILATION_MODE = wholemodule;
				SWIFT_OPTIMIZATION_LEVEL = "-O";
				VALIDATE_PRODUCT = YES;
			};
			name = Release;
		};
		EA62D8A4296EF95800D34850 /* Debug */ = {
			isa = XCBuildConfiguration;
			buildSettings = {
				ASSETCATALOG_COMPILER_APPICON_NAME = AppIcon;
				ASSETCATALOG_COMPILER_GLOBAL_ACCENT_COLOR_NAME = AccentColor;
				CODE_SIGN_STYLE = Automatic;
				CURRENT_PROJECT_VERSION = 1;
				GENERATE_INFOPLIST_FILE = YES;
				INFOPLIST_FILE = juicetraining/Info.plist;
				INFOPLIST_KEY_UIApplicationSupportsIndirectInputEvents = YES;
				INFOPLIST_KEY_UILaunchStoryboardName = LaunchScreen;
				INFOPLIST_KEY_UIMainStoryboardFile = Main;
				INFOPLIST_KEY_UISupportedInterfaceOrientations_iPad = "UIInterfaceOrientationPortrait UIInterfaceOrientationPortraitUpsideDown UIInterfaceOrientationLandscapeLeft UIInterfaceOrientationLandscapeRight";
				INFOPLIST_KEY_UISupportedInterfaceOrientations_iPhone = "UIInterfaceOrientationPortrait UIInterfaceOrientationLandscapeLeft UIInterfaceOrientationLandscapeRight";
				LD_RUNPATH_SEARCH_PATHS = (
					"$(inherited)",
					"@executable_path/Frameworks",
				);
				MARKETING_VERSION = 1.0;
				PRODUCT_BUNDLE_IDENTIFIER = ceviz.juicetraining;
				PRODUCT_NAME = "$(TARGET_NAME)";
				SWIFT_EMIT_LOC_STRINGS = YES;
				SWIFT_VERSION = 5.0;
				TARGETED_DEVICE_FAMILY = "1,2";
			};
			name = Debug;
		};
		EA62D8A5296EF95800D34850 /* Release */ = {
			isa = XCBuildConfiguration;
			buildSettings = {
				ASSETCATALOG_COMPILER_APPICON_NAME = AppIcon;
				ASSETCATALOG_COMPILER_GLOBAL_ACCENT_COLOR_NAME = AccentColor;
				CODE_SIGN_STYLE = Automatic;
				CURRENT_PROJECT_VERSION = 1;
				GENERATE_INFOPLIST_FILE = YES;
				INFOPLIST_FILE = juicetraining/Info.plist;
				INFOPLIST_KEY_UIApplicationSupportsIndirectInputEvents = YES;
				INFOPLIST_KEY_UILaunchStoryboardName = LaunchScreen;
				INFOPLIST_KEY_UIMainStoryboardFile = Main;
				INFOPLIST_KEY_UISupportedInterfaceOrientations_iPad = "UIInterfaceOrientationPortrait UIInterfaceOrientationPortraitUpsideDown UIInterfaceOrientationLandscapeLeft UIInterfaceOrientationLandscapeRight";
				INFOPLIST_KEY_UISupportedInterfaceOrientations_iPhone = "UIInterfaceOrientationPortrait UIInterfaceOrientationLandscapeLeft UIInterfaceOrientationLandscapeRight";
				LD_RUNPATH_SEARCH_PATHS = (
					"$(inherited)",
					"@executable_path/Frameworks",
				);
				MARKETING_VERSION = 1.0;
				PRODUCT_BUNDLE_IDENTIFIER = ceviz.juicetraining;
				PRODUCT_NAME = "$(TARGET_NAME)";
				SWIFT_EMIT_LOC_STRINGS = YES;
				SWIFT_VERSION = 5.0;
				TARGETED_DEVICE_FAMILY = "1,2";
			};
			name = Release;
		};
/* End XCBuildConfiguration section */

/* Begin XCConfigurationList section */
		EA62D88A296EF95700D34850 /* Build configuration list for PBXProject "juicetraining" */ = {
			isa = XCConfigurationList;
			buildConfigurations = (
				EA62D8A1296EF95800D34850 /* Debug */,
				EA62D8A2296EF95800D34850 /* Release */,
			);
			defaultConfigurationIsVisible = 0;
			defaultConfigurationName = Release;
		};
		EA62D8A3296EF95800D34850 /* Build configuration list for PBXNativeTarget "juicetraining" */ = {
			isa = XCConfigurationList;
			buildConfigurations = (
				EA62D8A4296EF95800D34850 /* Debug */,
				EA62D8A5296EF95800D34850 /* Release */,
			);
			defaultConfigurationIsVisible = 0;
			defaultConfigurationName = Release;
		};
/* End XCConfigurationList section */
	};
	rootObject = EA62D887296EF95700D34850 /* Project object */;
}
